// !$*UTF8*$!
{
	archiveVersion = 1;
	classes = {
	};
	objectVersion = 46;
	objects = {

/* Begin PBXBuildFile section */
		37DE34921A54B42800DE9813 /* SwiftForm.h in Headers */ = {isa = PBXBuildFile; fileRef = 37DE34911A54B42800DE9813 /* SwiftForm.h */; settings = {ATTRIBUTES = (Public, ); }; };
		37DE34981A54B42800DE9813 /* SwiftForm.framework in Frameworks */ = {isa = PBXBuildFile; fileRef = 37DE348C1A54B42800DE9813 /* SwiftForm.framework */; };
		37DE349F1A54B42800DE9813 /* SwiftFormTests.swift in Sources */ = {isa = PBXBuildFile; fileRef = 37DE349E1A54B42800DE9813 /* SwiftFormTests.swift */; };
		37DE34AD1A54B87B00DE9813 /* DateFieldTableViewCell.swift in Sources */ = {isa = PBXBuildFile; fileRef = 37DE34AB1A54B87B00DE9813 /* DateFieldTableViewCell.swift */; };
		37DE34AE1A54B87B00DE9813 /* DateFieldTableViewCell.xib in Resources */ = {isa = PBXBuildFile; fileRef = 37DE34AC1A54B87B00DE9813 /* DateFieldTableViewCell.xib */; };
		37DE34B11A54B8B300DE9813 /* BooleanFieldTableViewCell.swift in Sources */ = {isa = PBXBuildFile; fileRef = 37DE34AF1A54B8B300DE9813 /* BooleanFieldTableViewCell.swift */; };
		37DE34B21A54B8B300DE9813 /* BooleanFieldTableViewCell.xib in Resources */ = {isa = PBXBuildFile; fileRef = 37DE34B01A54B8B300DE9813 /* BooleanFieldTableViewCell.xib */; };
		37DE34B51A54B8C600DE9813 /* ButtonFieldTableViewCell.swift in Sources */ = {isa = PBXBuildFile; fileRef = 37DE34B31A54B8C600DE9813 /* ButtonFieldTableViewCell.swift */; };
		37DE34B61A54B8C600DE9813 /* ButtonFieldTableViewCell.xib in Resources */ = {isa = PBXBuildFile; fileRef = 37DE34B41A54B8C600DE9813 /* ButtonFieldTableViewCell.xib */; };
		37DE34B91A54B8D400DE9813 /* LabelFieldTableViewCell.xib in Resources */ = {isa = PBXBuildFile; fileRef = 37DE34B71A54B8D400DE9813 /* LabelFieldTableViewCell.xib */; };
		37DE34BA1A54B8D400DE9813 /* LabelFormField.swift in Sources */ = {isa = PBXBuildFile; fileRef = 37DE34B81A54B8D400DE9813 /* LabelFormField.swift */; };
		37DE34BD1A54B8E500DE9813 /* TextFieldTableViewCell.swift in Sources */ = {isa = PBXBuildFile; fileRef = 37DE34BB1A54B8E500DE9813 /* TextFieldTableViewCell.swift */; };
		37DE34C01A54B8F900DE9813 /* LabelFieldTableViewCell.swift in Sources */ = {isa = PBXBuildFile; fileRef = 37DE34BF1A54B8F900DE9813 /* LabelFieldTableViewCell.swift */; };
		37DE34C21A54B90800DE9813 /* TextFormField.swift in Sources */ = {isa = PBXBuildFile; fileRef = 37DE34C11A54B90800DE9813 /* TextFormField.swift */; };
		37DE34C41A54B92000DE9813 /* FieldGroup.swift in Sources */ = {isa = PBXBuildFile; fileRef = 37DE34C31A54B92000DE9813 /* FieldGroup.swift */; };
		37DE34C61A54B92A00DE9813 /* FormFieldType.swift in Sources */ = {isa = PBXBuildFile; fileRef = 37DE34C51A54B92A00DE9813 /* FormFieldType.swift */; };
		37DE34C81A54B93500DE9813 /* BaseFormField.swift in Sources */ = {isa = PBXBuildFile; fileRef = 37DE34C71A54B93500DE9813 /* BaseFormField.swift */; };
		37DE34CA1A54B94300DE9813 /* ButtonFormField.swift in Sources */ = {isa = PBXBuildFile; fileRef = 37DE34C91A54B94300DE9813 /* ButtonFormField.swift */; };
		37DE34CC1A54B94E00DE9813 /* DateFormField.swift in Sources */ = {isa = PBXBuildFile; fileRef = 37DE34CB1A54B94E00DE9813 /* DateFormField.swift */; };
		37DE34CE1A54B96400DE9813 /* BooleanFormField.swift in Sources */ = {isa = PBXBuildFile; fileRef = 37DE34CD1A54B96400DE9813 /* BooleanFormField.swift */; };
		37DE34D01A54B98200DE9813 /* SwiftForm.swift in Sources */ = {isa = PBXBuildFile; fileRef = 37DE34CF1A54B98200DE9813 /* SwiftForm.swift */; };
		37DE34D21A54B9C400DE9813 /* FormTableViewDataSource.swift in Sources */ = {isa = PBXBuildFile; fileRef = 37DE34D11A54B9C400DE9813 /* FormTableViewDataSource.swift */; };
		37DE34D41A54BA3F00DE9813 /* FormFieldTableViewCell.swift in Sources */ = {isa = PBXBuildFile; fileRef = 37DE34D31A54BA3F00DE9813 /* FormFieldTableViewCell.swift */; };
		37DE35071A55C31F00DE9813 /* TextFieldTableViewCell.xib in Resources */ = {isa = PBXBuildFile; fileRef = 37DE35091A55C31F00DE9813 /* TextFieldTableViewCell.xib */; };
/* End PBXBuildFile section */

/* Begin PBXContainerItemProxy section */
		37DE34991A54B42800DE9813 /* PBXContainerItemProxy */ = {
			isa = PBXContainerItemProxy;
			containerPortal = 37DE34831A54B42800DE9813 /* Project object */;
			proxyType = 1;
			remoteGlobalIDString = 37DE348B1A54B42800DE9813;
			remoteInfo = SwiftForm;
		};
/* End PBXContainerItemProxy section */

/* Begin PBXFileReference section */
		37DE348C1A54B42800DE9813 /* SwiftForm.framework */ = {isa = PBXFileReference; explicitFileType = wrapper.framework; includeInIndex = 0; path = SwiftForm.framework; sourceTree = BUILT_PRODUCTS_DIR; };
		37DE34901A54B42800DE9813 /* Info.plist */ = {isa = PBXFileReference; lastKnownFileType = text.plist.xml; path = Info.plist; sourceTree = "<group>"; };
		37DE34911A54B42800DE9813 /* SwiftForm.h */ = {isa = PBXFileReference; lastKnownFileType = sourcecode.c.h; path = SwiftForm.h; sourceTree = "<group>"; };
		37DE34971A54B42800DE9813 /* SwiftFormTests.xctest */ = {isa = PBXFileReference; explicitFileType = wrapper.cfbundle; includeInIndex = 0; path = SwiftFormTests.xctest; sourceTree = BUILT_PRODUCTS_DIR; };
		37DE349D1A54B42800DE9813 /* Info.plist */ = {isa = PBXFileReference; lastKnownFileType = text.plist.xml; path = Info.plist; sourceTree = "<group>"; };
		37DE349E1A54B42800DE9813 /* SwiftFormTests.swift */ = {isa = PBXFileReference; lastKnownFileType = sourcecode.swift; path = SwiftFormTests.swift; sourceTree = "<group>"; };
		37DE34AB1A54B87B00DE9813 /* DateFieldTableViewCell.swift */ = {isa = PBXFileReference; fileEncoding = 4; lastKnownFileType = sourcecode.swift; path = DateFieldTableViewCell.swift; sourceTree = "<group>"; };
		37DE34AC1A54B87B00DE9813 /* DateFieldTableViewCell.xib */ = {isa = PBXFileReference; fileEncoding = 4; lastKnownFileType = file.xib; path = DateFieldTableViewCell.xib; sourceTree = "<group>"; };
		37DE34AF1A54B8B300DE9813 /* BooleanFieldTableViewCell.swift */ = {isa = PBXFileReference; fileEncoding = 4; lastKnownFileType = sourcecode.swift; path = BooleanFieldTableViewCell.swift; sourceTree = "<group>"; };
		37DE34B01A54B8B300DE9813 /* BooleanFieldTableViewCell.xib */ = {isa = PBXFileReference; fileEncoding = 4; lastKnownFileType = file.xib; path = BooleanFieldTableViewCell.xib; sourceTree = "<group>"; };
		37DE34B31A54B8C600DE9813 /* ButtonFieldTableViewCell.swift */ = {isa = PBXFileReference; fileEncoding = 4; lastKnownFileType = sourcecode.swift; path = ButtonFieldTableViewCell.swift; sourceTree = "<group>"; };
		37DE34B41A54B8C600DE9813 /* ButtonFieldTableViewCell.xib */ = {isa = PBXFileReference; fileEncoding = 4; lastKnownFileType = file.xib; path = ButtonFieldTableViewCell.xib; sourceTree = "<group>"; };
		37DE34B71A54B8D400DE9813 /* LabelFieldTableViewCell.xib */ = {isa = PBXFileReference; fileEncoding = 4; lastKnownFileType = file.xib; path = LabelFieldTableViewCell.xib; sourceTree = "<group>"; };
		37DE34B81A54B8D400DE9813 /* LabelFormField.swift */ = {isa = PBXFileReference; fileEncoding = 4; lastKnownFileType = sourcecode.swift; path = LabelFormField.swift; sourceTree = "<group>"; };
		37DE34BB1A54B8E500DE9813 /* TextFieldTableViewCell.swift */ = {isa = PBXFileReference; fileEncoding = 4; lastKnownFileType = sourcecode.swift; path = TextFieldTableViewCell.swift; sourceTree = "<group>"; };
		37DE34BF1A54B8F900DE9813 /* LabelFieldTableViewCell.swift */ = {isa = PBXFileReference; fileEncoding = 4; lastKnownFileType = sourcecode.swift; path = LabelFieldTableViewCell.swift; sourceTree = "<group>"; };
		37DE34C11A54B90800DE9813 /* TextFormField.swift */ = {isa = PBXFileReference; fileEncoding = 4; lastKnownFileType = sourcecode.swift; path = TextFormField.swift; sourceTree = "<group>"; };
		37DE34C31A54B92000DE9813 /* FieldGroup.swift */ = {isa = PBXFileReference; fileEncoding = 4; lastKnownFileType = sourcecode.swift; path = FieldGroup.swift; sourceTree = "<group>"; };
		37DE34C51A54B92A00DE9813 /* FormFieldType.swift */ = {isa = PBXFileReference; fileEncoding = 4; lastKnownFileType = sourcecode.swift; path = FormFieldType.swift; sourceTree = "<group>"; };
		37DE34C71A54B93500DE9813 /* BaseFormField.swift */ = {isa = PBXFileReference; fileEncoding = 4; lastKnownFileType = sourcecode.swift; path = BaseFormField.swift; sourceTree = "<group>"; };
		37DE34C91A54B94300DE9813 /* ButtonFormField.swift */ = {isa = PBXFileReference; fileEncoding = 4; lastKnownFileType = sourcecode.swift; path = ButtonFormField.swift; sourceTree = "<group>"; };
		37DE34CB1A54B94E00DE9813 /* DateFormField.swift */ = {isa = PBXFileReference; fileEncoding = 4; lastKnownFileType = sourcecode.swift; path = DateFormField.swift; sourceTree = "<group>"; };
		37DE34CD1A54B96400DE9813 /* BooleanFormField.swift */ = {isa = PBXFileReference; fileEncoding = 4; lastKnownFileType = sourcecode.swift; path = BooleanFormField.swift; sourceTree = "<group>"; };
		37DE34CF1A54B98200DE9813 /* SwiftForm.swift */ = {isa = PBXFileReference; fileEncoding = 4; lastKnownFileType = sourcecode.swift; path = SwiftForm.swift; sourceTree = "<group>"; };
		37DE34D11A54B9C400DE9813 /* FormTableViewDataSource.swift */ = {isa = PBXFileReference; fileEncoding = 4; lastKnownFileType = sourcecode.swift; path = FormTableViewDataSource.swift; sourceTree = "<group>"; };
		37DE34D31A54BA3F00DE9813 /* FormFieldTableViewCell.swift */ = {isa = PBXFileReference; fileEncoding = 4; lastKnownFileType = sourcecode.swift; path = FormFieldTableViewCell.swift; sourceTree = "<group>"; };
		37DE35081A55C31F00DE9813 /* en */ = {isa = PBXFileReference; lastKnownFileType = file.xib; name = en; path = en.lproj/TextFieldTableViewCell.xib; sourceTree = "<group>"; };
/* End PBXFileReference section */

/* Begin PBXFrameworksBuildPhase section */
		37DE34881A54B42800DE9813 /* Frameworks */ = {
			isa = PBXFrameworksBuildPhase;
			buildActionMask = 2147483647;
			files = (
			);
			runOnlyForDeploymentPostprocessing = 0;
		};
		37DE34941A54B42800DE9813 /* Frameworks */ = {
			isa = PBXFrameworksBuildPhase;
			buildActionMask = 2147483647;
			files = (
				37DE34981A54B42800DE9813 /* SwiftForm.framework in Frameworks */,
			);
			runOnlyForDeploymentPostprocessing = 0;
		};
/* End PBXFrameworksBuildPhase section */

/* Begin PBXGroup section */
		37DE34821A54B42800DE9813 = {
			isa = PBXGroup;
			children = (
				37DE348E1A54B42800DE9813 /* Source */,
				37DE349B1A54B42800DE9813 /* Tests */,
				37DE348D1A54B42800DE9813 /* Products */,
			);
			sourceTree = "<group>";
		};
		37DE348D1A54B42800DE9813 /* Products */ = {
			isa = PBXGroup;
			children = (
				37DE348C1A54B42800DE9813 /* SwiftForm.framework */,
				37DE34971A54B42800DE9813 /* SwiftFormTests.xctest */,
			);
			name = Products;
			sourceTree = "<group>";
		};
		37DE348E1A54B42800DE9813 /* Source */ = {
			isa = PBXGroup;
			children = (
				37DE34911A54B42800DE9813 /* SwiftForm.h */,
				37DE34A91A54B84A00DE9813 /* FormFields */,
				37DE34AA1A54B86100DE9813 /* TableViewCells */,
				37DE34D11A54B9C400DE9813 /* FormTableViewDataSource.swift */,
				37DE34CF1A54B98200DE9813 /* SwiftForm.swift */,
				37DE348F1A54B42800DE9813 /* Supporting Files */,
			);
			name = Source;
			path = SwiftForm;
			sourceTree = "<group>";
		};
		37DE348F1A54B42800DE9813 /* Supporting Files */ = {
			isa = PBXGroup;
			children = (
				37DE34901A54B42800DE9813 /* Info.plist */,
			);
			name = "Supporting Files";
			sourceTree = "<group>";
		};
		37DE349B1A54B42800DE9813 /* Tests */ = {
			isa = PBXGroup;
			children = (
				37DE349E1A54B42800DE9813 /* SwiftFormTests.swift */,
				37DE349C1A54B42800DE9813 /* Supporting Files */,
			);
			name = Tests;
			path = SwiftFormTests;
			sourceTree = "<group>";
		};
		37DE349C1A54B42800DE9813 /* Supporting Files */ = {
			isa = PBXGroup;
			children = (
				37DE349D1A54B42800DE9813 /* Info.plist */,
			);
			name = "Supporting Files";
			sourceTree = "<group>";
		};
		37DE34A91A54B84A00DE9813 /* FormFields */ = {
			isa = PBXGroup;
			children = (
				37DE34C71A54B93500DE9813 /* BaseFormField.swift */,
				37DE34CD1A54B96400DE9813 /* BooleanFormField.swift */,
				37DE34C91A54B94300DE9813 /* ButtonFormField.swift */,
				37DE34CB1A54B94E00DE9813 /* DateFormField.swift */,
				37DE34C31A54B92000DE9813 /* FieldGroup.swift */,
				37DE34C51A54B92A00DE9813 /* FormFieldType.swift */,
				37DE34B81A54B8D400DE9813 /* LabelFormField.swift */,
				37DE34C11A54B90800DE9813 /* TextFormField.swift */,
			);
			name = FormFields;
			sourceTree = "<group>";
		};
		37DE34AA1A54B86100DE9813 /* TableViewCells */ = {
			isa = PBXGroup;
			children = (
				37DE34BB1A54B8E500DE9813 /* TextFieldTableViewCell.swift */,
				37DE35091A55C31F00DE9813 /* TextFieldTableViewCell.xib */,
				37DE34AF1A54B8B300DE9813 /* BooleanFieldTableViewCell.swift */,
				37DE34B01A54B8B300DE9813 /* BooleanFieldTableViewCell.xib */,
				37DE34B31A54B8C600DE9813 /* ButtonFieldTableViewCell.swift */,
				37DE34B41A54B8C600DE9813 /* ButtonFieldTableViewCell.xib */,
				37DE34AB1A54B87B00DE9813 /* DateFieldTableViewCell.swift */,
				37DE34AC1A54B87B00DE9813 /* DateFieldTableViewCell.xib */,
				37DE34D31A54BA3F00DE9813 /* FormFieldTableViewCell.swift */,
				37DE34BF1A54B8F900DE9813 /* LabelFieldTableViewCell.swift */,
				37DE34B71A54B8D400DE9813 /* LabelFieldTableViewCell.xib */,
			);
			name = TableViewCells;
			sourceTree = "<group>";
		};
/* End PBXGroup section */

/* Begin PBXHeadersBuildPhase section */
		37DE34891A54B42800DE9813 /* Headers */ = {
			isa = PBXHeadersBuildPhase;
			buildActionMask = 2147483647;
			files = (
				37DE34921A54B42800DE9813 /* SwiftForm.h in Headers */,
			);
			runOnlyForDeploymentPostprocessing = 0;
		};
/* End PBXHeadersBuildPhase section */

/* Begin PBXNativeTarget section */
		37DE348B1A54B42800DE9813 /* SwiftForm */ = {
			isa = PBXNativeTarget;
			buildConfigurationList = 37DE34A21A54B42800DE9813 /* Build configuration list for PBXNativeTarget "SwiftForm" */;
			buildPhases = (
				37DE34871A54B42800DE9813 /* Sources */,
				37DE34881A54B42800DE9813 /* Frameworks */,
				37DE34891A54B42800DE9813 /* Headers */,
				37DE348A1A54B42800DE9813 /* Resources */,
			);
			buildRules = (
			);
			dependencies = (
			);
			name = SwiftForm;
			productName = SwiftForm;
			productReference = 37DE348C1A54B42800DE9813 /* SwiftForm.framework */;
			productType = "com.apple.product-type.framework";
		};
		37DE34961A54B42800DE9813 /* SwiftFormTests */ = {
			isa = PBXNativeTarget;
			buildConfigurationList = 37DE34A51A54B42800DE9813 /* Build configuration list for PBXNativeTarget "SwiftFormTests" */;
			buildPhases = (
				37DE34931A54B42800DE9813 /* Sources */,
				37DE34941A54B42800DE9813 /* Frameworks */,
				37DE34951A54B42800DE9813 /* Resources */,
			);
			buildRules = (
			);
			dependencies = (
				37DE349A1A54B42800DE9813 /* PBXTargetDependency */,
			);
			name = SwiftFormTests;
			productName = SwiftFormTests;
			productReference = 37DE34971A54B42800DE9813 /* SwiftFormTests.xctest */;
			productType = "com.apple.product-type.bundle.unit-test";
		};
/* End PBXNativeTarget section */

/* Begin PBXProject section */
		37DE34831A54B42800DE9813 /* Project object */ = {
			isa = PBXProject;
			attributes = {
				LastUpgradeCheck = 0610;
				ORGANIZATIONNAME = "Daniel Zajork";
				TargetAttributes = {
					37DE348B1A54B42800DE9813 = {
						CreatedOnToolsVersion = 6.1.1;
					};
					37DE34961A54B42800DE9813 = {
						CreatedOnToolsVersion = 6.1.1;
					};
				};
			};
			buildConfigurationList = 37DE34861A54B42800DE9813 /* Build configuration list for PBXProject "SwiftForm" */;
			compatibilityVersion = "Xcode 3.2";
			developmentRegion = English;
			hasScannedForEncodings = 0;
			knownRegions = (
				en,
			);
			mainGroup = 37DE34821A54B42800DE9813;
			productRefGroup = 37DE348D1A54B42800DE9813 /* Products */;
			projectDirPath = "";
			projectRoot = "";
			targets = (
				37DE348B1A54B42800DE9813 /* SwiftForm */,
				37DE34961A54B42800DE9813 /* SwiftFormTests */,
			);
		};
/* End PBXProject section */

/* Begin PBXResourcesBuildPhase section */
		37DE348A1A54B42800DE9813 /* Resources */ = {
			isa = PBXResourcesBuildPhase;
			buildActionMask = 2147483647;
			files = (
				37DE34AE1A54B87B00DE9813 /* DateFieldTableViewCell.xib in Resources */,
				37DE34B61A54B8C600DE9813 /* ButtonFieldTableViewCell.xib in Resources */,
				37DE35071A55C31F00DE9813 /* TextFieldTableViewCell.xib in Resources */,
				37DE34B21A54B8B300DE9813 /* BooleanFieldTableViewCell.xib in Resources */,
				37DE34B91A54B8D400DE9813 /* LabelFieldTableViewCell.xib in Resources */,
			);
			runOnlyForDeploymentPostprocessing = 0;
		};
		37DE34951A54B42800DE9813 /* Resources */ = {
			isa = PBXResourcesBuildPhase;
			buildActionMask = 2147483647;
			files = (
			);
			runOnlyForDeploymentPostprocessing = 0;
		};
/* End PBXResourcesBuildPhase section */

/* Begin PBXSourcesBuildPhase section */
		37DE34871A54B42800DE9813 /* Sources */ = {
			isa = PBXSourcesBuildPhase;
			buildActionMask = 2147483647;
			files = (
				37DE34CC1A54B94E00DE9813 /* DateFormField.swift in Sources */,
				37DE34B51A54B8C600DE9813 /* ButtonFieldTableViewCell.swift in Sources */,
				37DE34D41A54BA3F00DE9813 /* FormFieldTableViewCell.swift in Sources */,
				37DE34CA1A54B94300DE9813 /* ButtonFormField.swift in Sources */,
				37DE34AD1A54B87B00DE9813 /* DateFieldTableViewCell.swift in Sources */,
				37DE34B11A54B8B300DE9813 /* BooleanFieldTableViewCell.swift in Sources */,
				37DE34BA1A54B8D400DE9813 /* LabelFormField.swift in Sources */,
				37DE34C61A54B92A00DE9813 /* FormFieldType.swift in Sources */,
				37DE34D01A54B98200DE9813 /* SwiftForm.swift in Sources */,
				37DE34C81A54B93500DE9813 /* BaseFormField.swift in Sources */,
				37DE34C41A54B92000DE9813 /* FieldGroup.swift in Sources */,
				37DE34D21A54B9C400DE9813 /* FormTableViewDataSource.swift in Sources */,
				37DE34BD1A54B8E500DE9813 /* TextFieldTableViewCell.swift in Sources */,
				37DE34C01A54B8F900DE9813 /* LabelFieldTableViewCell.swift in Sources */,
				37DE34CE1A54B96400DE9813 /* BooleanFormField.swift in Sources */,
				37DE34C21A54B90800DE9813 /* TextFormField.swift in Sources */,
			);
			runOnlyForDeploymentPostprocessing = 0;
		};
		37DE34931A54B42800DE9813 /* Sources */ = {
			isa = PBXSourcesBuildPhase;
			buildActionMask = 2147483647;
			files = (
				37DE349F1A54B42800DE9813 /* SwiftFormTests.swift in Sources */,
			);
			runOnlyForDeploymentPostprocessing = 0;
		};
/* End PBXSourcesBuildPhase section */

/* Begin PBXTargetDependency section */
		37DE349A1A54B42800DE9813 /* PBXTargetDependency */ = {
			isa = PBXTargetDependency;
			target = 37DE348B1A54B42800DE9813 /* SwiftForm */;
			targetProxy = 37DE34991A54B42800DE9813 /* PBXContainerItemProxy */;
		};
/* End PBXTargetDependency section */

/* Begin PBXVariantGroup section */
		37DE35091A55C31F00DE9813 /* TextFieldTableViewCell.xib */ = {
			isa = PBXVariantGroup;
			children = (
				37DE35081A55C31F00DE9813 /* en */,
			);
			name = TextFieldTableViewCell.xib;
			sourceTree = "<group>";
		};
/* End PBXVariantGroup section */

/* Begin XCBuildConfiguration section */
		37DE34A01A54B42800DE9813 /* Debug */ = {
			isa = XCBuildConfiguration;
			buildSettings = {
				ALWAYS_SEARCH_USER_PATHS = NO;
				CLANG_CXX_LANGUAGE_STANDARD = "gnu++0x";
				CLANG_CXX_LIBRARY = "libc++";
				CLANG_ENABLE_MODULES = YES;
				CLANG_ENABLE_OBJC_ARC = YES;
				CLANG_WARN_BOOL_CONVERSION = YES;
				CLANG_WARN_CONSTANT_CONVERSION = YES;
				CLANG_WARN_DIRECT_OBJC_ISA_USAGE = YES_ERROR;
				CLANG_WARN_EMPTY_BODY = YES;
				CLANG_WARN_ENUM_CONVERSION = YES;
				CLANG_WARN_INT_CONVERSION = YES;
				CLANG_WARN_OBJC_ROOT_CLASS = YES_ERROR;
				CLANG_WARN_UNREACHABLE_CODE = YES;
				CLANG_WARN__DUPLICATE_METHOD_MATCH = YES;
				"CODE_SIGN_IDENTITY[sdk=iphoneos*]" = "iPhone Developer";
				COPY_PHASE_STRIP = NO;
				CURRENT_PROJECT_VERSION = 1;
				ENABLE_STRICT_OBJC_MSGSEND = YES;
				GCC_C_LANGUAGE_STANDARD = gnu99;
				GCC_DYNAMIC_NO_PIC = NO;
				GCC_OPTIMIZATION_LEVEL = 0;
				GCC_PREPROCESSOR_DEFINITIONS = (
					"DEBUG=1",
					"$(inherited)",
				);
				GCC_SYMBOLS_PRIVATE_EXTERN = NO;
				GCC_WARN_64_TO_32_BIT_CONVERSION = YES;
				GCC_WARN_ABOUT_RETURN_TYPE = YES_ERROR;
				GCC_WARN_UNDECLARED_SELECTOR = YES;
				GCC_WARN_UNINITIALIZED_AUTOS = YES_AGGRESSIVE;
				GCC_WARN_UNUSED_FUNCTION = YES;
				GCC_WARN_UNUSED_VARIABLE = YES;
				IPHONEOS_DEPLOYMENT_TARGET = 8.1;
				MTL_ENABLE_DEBUG_INFO = YES;
				ONLY_ACTIVE_ARCH = YES;
				SDKROOT = iphoneos;
				SWIFT_OPTIMIZATION_LEVEL = "-Onone";
				TARGETED_DEVICE_FAMILY = "1,2";
				VERSIONING_SYSTEM = "apple-generic";
				VERSION_INFO_PREFIX = "";
			};
			name = Debug;
		};
		37DE34A11A54B42800DE9813 /* Release */ = {
			isa = XCBuildConfiguration;
			buildSettings = {
				ALWAYS_SEARCH_USER_PATHS = NO;
				CLANG_CXX_LANGUAGE_STANDARD = "gnu++0x";
				CLANG_CXX_LIBRARY = "libc++";
				CLANG_ENABLE_MODULES = YES;
				CLANG_ENABLE_OBJC_ARC = YES;
				CLANG_WARN_BOOL_CONVERSION = YES;
				CLANG_WARN_CONSTANT_CONVERSION = YES;
				CLANG_WARN_DIRECT_OBJC_ISA_USAGE = YES_ERROR;
				CLANG_WARN_EMPTY_BODY = YES;
				CLANG_WARN_ENUM_CONVERSION = YES;
				CLANG_WARN_INT_CONVERSION = YES;
				CLANG_WARN_OBJC_ROOT_CLASS = YES_ERROR;
				CLANG_WARN_UNREACHABLE_CODE = YES;
				CLANG_WARN__DUPLICATE_METHOD_MATCH = YES;
				"CODE_SIGN_IDENTITY[sdk=iphoneos*]" = "iPhone Developer";
				COPY_PHASE_STRIP = YES;
				CURRENT_PROJECT_VERSION = 1;
				ENABLE_NS_ASSERTIONS = NO;
				ENABLE_STRICT_OBJC_MSGSEND = YES;
				GCC_C_LANGUAGE_STANDARD = gnu99;
				GCC_WARN_64_TO_32_BIT_CONVERSION = YES;
				GCC_WARN_ABOUT_RETURN_TYPE = YES_ERROR;
				GCC_WARN_UNDECLARED_SELECTOR = YES;
				GCC_WARN_UNINITIALIZED_AUTOS = YES_AGGRESSIVE;
				GCC_WARN_UNUSED_FUNCTION = YES;
				GCC_WARN_UNUSED_VARIABLE = YES;
				IPHONEOS_DEPLOYMENT_TARGET = 8.1;
				MTL_ENABLE_DEBUG_INFO = NO;
				SDKROOT = iphoneos;
				TARGETED_DEVICE_FAMILY = "1,2";
				VALIDATE_PRODUCT = YES;
				VERSIONING_SYSTEM = "apple-generic";
				VERSION_INFO_PREFIX = "";
			};
			name = Release;
		};
		37DE34A31A54B42800DE9813 /* Debug */ = {
			isa = XCBuildConfiguration;
			buildSettings = {
				CLANG_ENABLE_MODULES = YES;
				DEFINES_MODULE = YES;
				DYLIB_COMPATIBILITY_VERSION = 1;
				DYLIB_CURRENT_VERSION = 1;
				DYLIB_INSTALL_NAME_BASE = "@rpath";
				INFOPLIST_FILE = SwiftForm/Info.plist;
				INSTALL_PATH = "$(LOCAL_LIBRARY_DIR)/Frameworks";
				LD_RUNPATH_SEARCH_PATHS = "$(inherited) @executable_path/Frameworks @loader_path/Frameworks";
				PRODUCT_NAME = "$(TARGET_NAME)";
				SKIP_INSTALL = YES;
				SWIFT_OPTIMIZATION_LEVEL = "-Onone";
			};
			name = Debug;
		};
		37DE34A41A54B42800DE9813 /* Release */ = {
			isa = XCBuildConfiguration;
			buildSettings = {
				CLANG_ENABLE_MODULES = YES;
				DEFINES_MODULE = YES;
				DYLIB_COMPATIBILITY_VERSION = 1;
				DYLIB_CURRENT_VERSION = 1;
				DYLIB_INSTALL_NAME_BASE = "@rpath";
				INFOPLIST_FILE = SwiftForm/Info.plist;
				INSTALL_PATH = "$(LOCAL_LIBRARY_DIR)/Frameworks";
				LD_RUNPATH_SEARCH_PATHS = "$(inherited) @executable_path/Frameworks @loader_path/Frameworks";
				PRODUCT_NAME = "$(TARGET_NAME)";
				SKIP_INSTALL = YES;
			};
			name = Release;
		};
		37DE34A61A54B42800DE9813 /* Debug */ = {
			isa = XCBuildConfiguration;
			buildSettings = {
				FRAMEWORK_SEARCH_PATHS = (
					"$(SDKROOT)/Developer/Library/Frameworks",
					"$(inherited)",
				);
				GCC_PREPROCESSOR_DEFINITIONS = (
					"DEBUG=1",
					"$(inherited)",
				);
				INFOPLIST_FILE = SwiftFormTests/Info.plist;
				LD_RUNPATH_SEARCH_PATHS = "$(inherited) @executable_path/Frameworks @loader_path/Frameworks";
				PRODUCT_NAME = "$(TARGET_NAME)";
			};
			name = Debug;
		};
		37DE34A71A54B42800DE9813 /* Release */ = {
			isa = XCBuildConfiguration;
			buildSettings = {
				FRAMEWORK_SEARCH_PATHS = (
					"$(SDKROOT)/Developer/Library/Frameworks",
					"$(inherited)",
				);
				INFOPLIST_FILE = SwiftFormTests/Info.plist;
				LD_RUNPATH_SEARCH_PATHS = "$(inherited) @executable_path/Frameworks @loader_path/Frameworks";
				PRODUCT_NAME = "$(TARGET_NAME)";
			};
			name = Release;
		};
/* End XCBuildConfiguration section */

/* Begin XCConfigurationList section */
		37DE34861A54B42800DE9813 /* Build configuration list for PBXProject "SwiftForm" */ = {
			isa = XCConfigurationList;
			buildConfigurations = (
				37DE34A01A54B42800DE9813 /* Debug */,
				37DE34A11A54B42800DE9813 /* Release */,
			);
			defaultConfigurationIsVisible = 0;
			defaultConfigurationName = Release;
		};
		37DE34A21A54B42800DE9813 /* Build configuration list for PBXNativeTarget "SwiftForm" */ = {
			isa = XCConfigurationList;
			buildConfigurations = (
				37DE34A31A54B42800DE9813 /* Debug */,
				37DE34A41A54B42800DE9813 /* Release */,
			);
			defaultConfigurationIsVisible = 0;
		};
		37DE34A51A54B42800DE9813 /* Build configuration list for PBXNativeTarget "SwiftFormTests" */ = {
			isa = XCConfigurationList;
			buildConfigurations = (
				37DE34A61A54B42800DE9813 /* Debug */,
				37DE34A71A54B42800DE9813 /* Release */,
			);
			defaultConfigurationIsVisible = 0;
		};
/* End XCConfigurationList section */
	};
	rootObject = 37DE34831A54B42800DE9813 /* Project object */;
}
