// !$*UTF8*$!
{
	archiveVersion = 1;
	classes = {
	};
	objectVersion = 46;
	objects = {

/* Begin PBXBuildFile section */
		37DE34E41A54BCD600DE9813 /* AppDelegate.swift in Sources */ = {isa = PBXBuildFile; fileRef = 37DE34E31A54BCD600DE9813 /* AppDelegate.swift */; };
		37DE34E61A54BCD600DE9813 /* ViewController.swift in Sources */ = {isa = PBXBuildFile; fileRef = 37DE34E51A54BCD600DE9813 /* ViewController.swift */; };
		37DE34E91A54BCD600DE9813 /* Main.storyboard in Resources */ = {isa = PBXBuildFile; fileRef = 37DE34E71A54BCD600DE9813 /* Main.storyboard */; };
		37DE34EB1A54BCD600DE9813 /* Images.xcassets in Resources */ = {isa = PBXBuildFile; fileRef = 37DE34EA1A54BCD600DE9813 /* Images.xcassets */; };
		37DE34EE1A54BCD600DE9813 /* LaunchScreen.xib in Resources */ = {isa = PBXBuildFile; fileRef = 37DE34EC1A54BCD600DE9813 /* LaunchScreen.xib */; };
		37DE34FA1A54BCD600DE9813 /* SwiftForm_ExampleTests.swift in Sources */ = {isa = PBXBuildFile; fileRef = 37DE34F91A54BCD600DE9813 /* SwiftForm_ExampleTests.swift */; };
		37DE35061A54BEF700DE9813 /* SwiftForm.framework in Frameworks */ = {isa = PBXBuildFile; fileRef = 37DE35051A54BEF700DE9813 /* SwiftForm.framework */; };
/* End PBXBuildFile section */

/* Begin PBXContainerItemProxy section */
		37DE34F41A54BCD600DE9813 /* PBXContainerItemProxy */ = {
			isa = PBXContainerItemProxy;
			containerPortal = 37DE34D61A54BCD600DE9813 /* Project object */;
			proxyType = 1;
			remoteGlobalIDString = 37DE34DD1A54BCD600DE9813;
			remoteInfo = "SwiftForm Example";
		};
/* End PBXContainerItemProxy section */

/* Begin PBXFileReference section */
		37DE34DE1A54BCD600DE9813 /* SwiftForm Example.app */ = {isa = PBXFileReference; explicitFileType = wrapper.application; includeInIndex = 0; path = "SwiftForm Example.app"; sourceTree = BUILT_PRODUCTS_DIR; };
		37DE34E21A54BCD600DE9813 /* Info.plist */ = {isa = PBXFileReference; lastKnownFileType = text.plist.xml; path = Info.plist; sourceTree = "<group>"; };
		37DE34E31A54BCD600DE9813 /* AppDelegate.swift */ = {isa = PBXFileReference; lastKnownFileType = sourcecode.swift; path = AppDelegate.swift; sourceTree = "<group>"; };
		37DE34E51A54BCD600DE9813 /* ViewController.swift */ = {isa = PBXFileReference; lastKnownFileType = sourcecode.swift; path = ViewController.swift; sourceTree = "<group>"; };
		37DE34E81A54BCD600DE9813 /* Base */ = {isa = PBXFileReference; lastKnownFileType = file.storyboard; name = Base; path = Base.lproj/Main.storyboard; sourceTree = "<group>"; };
		37DE34EA1A54BCD600DE9813 /* Images.xcassets */ = {isa = PBXFileReference; lastKnownFileType = folder.assetcatalog; path = Images.xcassets; sourceTree = "<group>"; };
		37DE34ED1A54BCD600DE9813 /* Base */ = {isa = PBXFileReference; lastKnownFileType = file.xib; name = Base; path = Base.lproj/LaunchScreen.xib; sourceTree = "<group>"; };
		37DE34F31A54BCD600DE9813 /* SwiftForm ExampleTests.xctest */ = {isa = PBXFileReference; explicitFileType = wrapper.cfbundle; includeInIndex = 0; path = "SwiftForm ExampleTests.xctest"; sourceTree = BUILT_PRODUCTS_DIR; };
		37DE34F81A54BCD600DE9813 /* Info.plist */ = {isa = PBXFileReference; lastKnownFileType = text.plist.xml; path = Info.plist; sourceTree = "<group>"; };
		37DE34F91A54BCD600DE9813 /* SwiftForm_ExampleTests.swift */ = {isa = PBXFileReference; lastKnownFileType = sourcecode.swift; path = SwiftForm_ExampleTests.swift; sourceTree = "<group>"; };
		37DE35051A54BEF700DE9813 /* SwiftForm.framework */ = {isa = PBXFileReference; lastKnownFileType = wrapper.framework; name = SwiftForm.framework; path = "../build/Debug-iphoneos/SwiftForm.framework"; sourceTree = "<group>"; };
/* End PBXFileReference section */

/* Begin PBXFrameworksBuildPhase section */
		37DE34DB1A54BCD600DE9813 /* Frameworks */ = {
			isa = PBXFrameworksBuildPhase;
			buildActionMask = 2147483647;
			files = (
				37DE35061A54BEF700DE9813 /* SwiftForm.framework in Frameworks */,
			);
			runOnlyForDeploymentPostprocessing = 0;
		};
		37DE34F01A54BCD600DE9813 /* Frameworks */ = {
			isa = PBXFrameworksBuildPhase;
			buildActionMask = 2147483647;
			files = (
			);
			runOnlyForDeploymentPostprocessing = 0;
		};
/* End PBXFrameworksBuildPhase section */

/* Begin PBXGroup section */
		37DE34D51A54BCD600DE9813 = {
			isa = PBXGroup;
			children = (
				37DE35051A54BEF700DE9813 /* SwiftForm.framework */,
				37DE34E01A54BCD600DE9813 /* SwiftForm Example */,
				37DE34F61A54BCD600DE9813 /* SwiftForm ExampleTests */,
				37DE34DF1A54BCD600DE9813 /* Products */,
			);
			sourceTree = "<group>";
		};
		37DE34DF1A54BCD600DE9813 /* Products */ = {
			isa = PBXGroup;
			children = (
				37DE34DE1A54BCD600DE9813 /* SwiftForm Example.app */,
				37DE34F31A54BCD600DE9813 /* SwiftForm ExampleTests.xctest */,
			);
			name = Products;
			sourceTree = "<group>";
		};
		37DE34E01A54BCD600DE9813 /* SwiftForm Example */ = {
			isa = PBXGroup;
			children = (
				37DE34E31A54BCD600DE9813 /* AppDelegate.swift */,
				37DE34E51A54BCD600DE9813 /* ViewController.swift */,
				37DE34E71A54BCD600DE9813 /* Main.storyboard */,
				37DE34EA1A54BCD600DE9813 /* Images.xcassets */,
				37DE34EC1A54BCD600DE9813 /* LaunchScreen.xib */,
				37DE34E11A54BCD600DE9813 /* Supporting Files */,
			);
			path = "SwiftForm Example";
			sourceTree = "<group>";
		};
		37DE34E11A54BCD600DE9813 /* Supporting Files */ = {
			isa = PBXGroup;
			children = (
				37DE34E21A54BCD600DE9813 /* Info.plist */,
			);
			name = "Supporting Files";
			sourceTree = "<group>";
		};
		37DE34F61A54BCD600DE9813 /* SwiftForm ExampleTests */ = {
			isa = PBXGroup;
			children = (
				37DE34F91A54BCD600DE9813 /* SwiftForm_ExampleTests.swift */,
				37DE34F71A54BCD600DE9813 /* Supporting Files */,
			);
			path = "SwiftForm ExampleTests";
			sourceTree = "<group>";
		};
		37DE34F71A54BCD600DE9813 /* Supporting Files */ = {
			isa = PBXGroup;
			children = (
				37DE34F81A54BCD600DE9813 /* Info.plist */,
			);
			name = "Supporting Files";
			sourceTree = "<group>";
		};
/* End PBXGroup section */

/* Begin PBXNativeTarget section */
		37DE34DD1A54BCD600DE9813 /* SwiftForm Example */ = {
			isa = PBXNativeTarget;
			buildConfigurationList = 37DE34FD1A54BCD600DE9813 /* Build configuration list for PBXNativeTarget "SwiftForm Example" */;
			buildPhases = (
				37DE34DA1A54BCD600DE9813 /* Sources */,
				37DE34DB1A54BCD600DE9813 /* Frameworks */,
				37DE34DC1A54BCD600DE9813 /* Resources */,
			);
			buildRules = (
			);
			dependencies = (
			);
			name = "SwiftForm Example";
			productName = "SwiftForm Example";
			productReference = 37DE34DE1A54BCD600DE9813 /* SwiftForm Example.app */;
			productType = "com.apple.product-type.application";
		};
		37DE34F21A54BCD600DE9813 /* SwiftForm ExampleTests */ = {
			isa = PBXNativeTarget;
			buildConfigurationList = 37DE35001A54BCD600DE9813 /* Build configuration list for PBXNativeTarget "SwiftForm ExampleTests" */;
			buildPhases = (
				37DE34EF1A54BCD600DE9813 /* Sources */,
				37DE34F01A54BCD600DE9813 /* Frameworks */,
				37DE34F11A54BCD600DE9813 /* Resources */,
			);
			buildRules = (
			);
			dependencies = (
				37DE34F51A54BCD600DE9813 /* PBXTargetDependency */,
			);
			name = "SwiftForm ExampleTests";
			productName = "SwiftForm ExampleTests";
			productReference = 37DE34F31A54BCD600DE9813 /* SwiftForm ExampleTests.xctest */;
			productType = "com.apple.product-type.bundle.unit-test";
		};
/* End PBXNativeTarget section */

/* Begin PBXProject section */
		37DE34D61A54BCD600DE9813 /* Project object */ = {
			isa = PBXProject;
			attributes = {
				LastUpgradeCheck = 0610;
				ORGANIZATIONNAME = "Daniel Zajork";
				TargetAttributes = {
					37DE34DD1A54BCD600DE9813 = {
						CreatedOnToolsVersion = 6.1.1;
					};
					37DE34F21A54BCD600DE9813 = {
						CreatedOnToolsVersion = 6.1.1;
						TestTargetID = 37DE34DD1A54BCD600DE9813;
					};
				};
			};
			buildConfigurationList = 37DE34D91A54BCD600DE9813 /* Build configuration list for PBXProject "SwiftForm Example" */;
			compatibilityVersion = "Xcode 3.2";
			developmentRegion = English;
			hasScannedForEncodings = 0;
			knownRegions = (
				en,
				Base,
			);
			mainGroup = 37DE34D51A54BCD600DE9813;
			productRefGroup = 37DE34DF1A54BCD600DE9813 /* Products */;
			projectDirPath = "";
			projectRoot = "";
			targets = (
				37DE34DD1A54BCD600DE9813 /* SwiftForm Example */,
				37DE34F21A54BCD600DE9813 /* SwiftForm ExampleTests */,
			);
		};
/* End PBXProject section */

/* Begin PBXResourcesBuildPhase section */
		37DE34DC1A54BCD600DE9813 /* Resources */ = {
			isa = PBXResourcesBuildPhase;
			buildActionMask = 2147483647;
			files = (
				37DE34E91A54BCD600DE9813 /* Main.storyboard in Resources */,
				37DE34EE1A54BCD600DE9813 /* LaunchScreen.xib in Resources */,
				37DE34EB1A54BCD600DE9813 /* Images.xcassets in Resources */,
			);
			runOnlyForDeploymentPostprocessing = 0;
		};
		37DE34F11A54BCD600DE9813 /* Resources */ = {
			isa = PBXResourcesBuildPhase;
			buildActionMask = 2147483647;
			files = (
			);
			runOnlyForDeploymentPostprocessing = 0;
		};
/* End PBXResourcesBuildPhase section */

/* Begin PBXSourcesBuildPhase section */
		37DE34DA1A54BCD600DE9813 /* Sources */ = {
			isa = PBXSourcesBuildPhase;
			buildActionMask = 2147483647;
			files = (
				37DE34E61A54BCD600DE9813 /* ViewController.swift in Sources */,
				37DE34E41A54BCD600DE9813 /* AppDelegate.swift in Sources */,
			);
			runOnlyForDeploymentPostprocessing = 0;
		};
		37DE34EF1A54BCD600DE9813 /* Sources */ = {
			isa = PBXSourcesBuildPhase;
			buildActionMask = 2147483647;
			files = (
				37DE34FA1A54BCD600DE9813 /* SwiftForm_ExampleTests.swift in Sources */,
			);
			runOnlyForDeploymentPostprocessing = 0;
		};
/* End PBXSourcesBuildPhase section */

/* Begin PBXTargetDependency section */
		37DE34F51A54BCD600DE9813 /* PBXTargetDependency */ = {
			isa = PBXTargetDependency;
			target = 37DE34DD1A54BCD600DE9813 /* SwiftForm Example */;
			targetProxy = 37DE34F41A54BCD600DE9813 /* PBXContainerItemProxy */;
		};
/* End PBXTargetDependency section */

/* Begin PBXVariantGroup section */
		37DE34E71A54BCD600DE9813 /* Main.storyboard */ = {
			isa = PBXVariantGroup;
			children = (
				37DE34E81A54BCD600DE9813 /* Base */,
			);
			name = Main.storyboard;
			sourceTree = "<group>";
		};
		37DE34EC1A54BCD600DE9813 /* LaunchScreen.xib */ = {
			isa = PBXVariantGroup;
			children = (
				37DE34ED1A54BCD600DE9813 /* Base */,
			);
			name = LaunchScreen.xib;
			sourceTree = "<group>";
		};
/* End PBXVariantGroup section */

/* Begin XCBuildConfiguration section */
		37DE34FB1A54BCD600DE9813 /* Debug */ = {
			isa = XCBuildConfiguration;
			buildSettings = {
				ALWAYS_SEARCH_USER_PATHS = NO;
				CLANG_CXX_LANGUAGE_STANDARD = "gnu++0x";
				CLANG_CXX_LIBRARY = "libc++";
				CLANG_ENABLE_MODULES = YES;
				CLANG_ENABLE_OBJC_ARC = YES;
				CLANG_WARN_BOOL_CONVERSION = YES;
				CLANG_WARN_CONSTANT_CONVERSION = YES;
				CLANG_WARN_DIRECT_OBJC_ISA_USAGE = YES_ERROR;
				CLANG_WARN_EMPTY_BODY = YES;
				CLANG_WARN_ENUM_CONVERSION = YES;
				CLANG_WARN_INT_CONVERSION = YES;
				CLANG_WARN_OBJC_ROOT_CLASS = YES_ERROR;
				CLANG_WARN_UNREACHABLE_CODE = YES;
				CLANG_WARN__DUPLICATE_METHOD_MATCH = YES;
				"CODE_SIGN_IDENTITY[sdk=iphoneos*]" = "iPhone Developer";
				COPY_PHASE_STRIP = NO;
				ENABLE_STRICT_OBJC_MSGSEND = YES;
				GCC_C_LANGUAGE_STANDARD = gnu99;
				GCC_DYNAMIC_NO_PIC = NO;
				GCC_OPTIMIZATION_LEVEL = 0;
				GCC_PREPROCESSOR_DEFINITIONS = (
					"DEBUG=1",
					"$(inherited)",
				);
				GCC_SYMBOLS_PRIVATE_EXTERN = NO;
				GCC_WARN_64_TO_32_BIT_CONVERSION = YES;
				GCC_WARN_ABOUT_RETURN_TYPE = YES_ERROR;
				GCC_WARN_UNDECLARED_SELECTOR = YES;
				GCC_WARN_UNINITIALIZED_AUTOS = YES_AGGRESSIVE;
				GCC_WARN_UNUSED_FUNCTION = YES;
				GCC_WARN_UNUSED_VARIABLE = YES;
				IPHONEOS_DEPLOYMENT_TARGET = 8.1;
				MTL_ENABLE_DEBUG_INFO = YES;
				ONLY_ACTIVE_ARCH = YES;
				SDKROOT = iphoneos;
				SWIFT_OPTIMIZATION_LEVEL = "-Onone";
			};
			name = Debug;
		};
		37DE34FC1A54BCD600DE9813 /* Release */ = {
			isa = XCBuildConfiguration;
			buildSettings = {
				ALWAYS_SEARCH_USER_PATHS = NO;
				CLANG_CXX_LANGUAGE_STANDARD = "gnu++0x";
				CLANG_CXX_LIBRARY = "libc++";
				CLANG_ENABLE_MODULES = YES;
				CLANG_ENABLE_OBJC_ARC = YES;
				CLANG_WARN_BOOL_CONVERSION = YES;
				CLANG_WARN_CONSTANT_CONVERSION = YES;
				CLANG_WARN_DIRECT_OBJC_ISA_USAGE = YES_ERROR;
				CLANG_WARN_EMPTY_BODY = YES;
				CLANG_WARN_ENUM_CONVERSION = YES;
				CLANG_WARN_INT_CONVERSION = YES;
				CLANG_WARN_OBJC_ROOT_CLASS = YES_ERROR;
				CLANG_WARN_UNREACHABLE_CODE = YES;
				CLANG_WARN__DUPLICATE_METHOD_MATCH = YES;
				"CODE_SIGN_IDENTITY[sdk=iphoneos*]" = "iPhone Developer";
				COPY_PHASE_STRIP = YES;
				ENABLE_NS_ASSERTIONS = NO;
				ENABLE_STRICT_OBJC_MSGSEND = YES;
				GCC_C_LANGUAGE_STANDARD = gnu99;
				GCC_WARN_64_TO_32_BIT_CONVERSION = YES;
				GCC_WARN_ABOUT_RETURN_TYPE = YES_ERROR;
				GCC_WARN_UNDECLARED_SELECTOR = YES;
				GCC_WARN_UNINITIALIZED_AUTOS = YES_AGGRESSIVE;
				GCC_WARN_UNUSED_FUNCTION = YES;
				GCC_WARN_UNUSED_VARIABLE = YES;
				IPHONEOS_DEPLOYMENT_TARGET = 8.1;
				MTL_ENABLE_DEBUG_INFO = NO;
				SDKROOT = iphoneos;
				VALIDATE_PRODUCT = YES;
			};
			name = Release;
		};
		37DE34FE1A54BCD600DE9813 /* Debug */ = {
			isa = XCBuildConfiguration;
			buildSettings = {
				ASSETCATALOG_COMPILER_APPICON_NAME = AppIcon;
				FRAMEWORK_SEARCH_PATHS = (
					"$(inherited)",
					"./**",
				);
				INFOPLIST_FILE = "SwiftForm Example/Info.plist";
				LD_RUNPATH_SEARCH_PATHS = "$(inherited) @executable_path/Frameworks";
				PRODUCT_NAME = "$(TARGET_NAME)";
			};
			name = Debug;
		};
		37DE34FF1A54BCD600DE9813 /* Release */ = {
			isa = XCBuildConfiguration;
			buildSettings = {
				ASSETCATALOG_COMPILER_APPICON_NAME = AppIcon;
				FRAMEWORK_SEARCH_PATHS = (
					"$(inherited)",
					"./**",
				);
				INFOPLIST_FILE = "SwiftForm Example/Info.plist";
				LD_RUNPATH_SEARCH_PATHS = "$(inherited) @executable_path/Frameworks";
				PRODUCT_NAME = "$(TARGET_NAME)";
			};
			name = Release;
		};
		37DE35011A54BCD600DE9813 /* Debug */ = {
			isa = XCBuildConfiguration;
			buildSettings = {
				BUNDLE_LOADER = "$(TEST_HOST)";
				FRAMEWORK_SEARCH_PATHS = (
					"$(SDKROOT)/Developer/Library/Frameworks",
					"$(inherited)",
				);
				GCC_PREPROCESSOR_DEFINITIONS = (
					"DEBUG=1",
					"$(inherited)",
				);
				INFOPLIST_FILE = "SwiftForm ExampleTests/Info.plist";
				LD_RUNPATH_SEARCH_PATHS = "$(inherited) @executable_path/Frameworks @loader_path/Frameworks";
				PRODUCT_NAME = "$(TARGET_NAME)";
				TEST_HOST = "$(BUILT_PRODUCTS_DIR)/SwiftForm Example.app/SwiftForm Example";
			};
			name = Debug;
		};
		37DE35021A54BCD600DE9813 /* Release */ = {
			isa = XCBuildConfiguration;
			buildSettings = {
				BUNDLE_LOADER = "$(TEST_HOST)";
				FRAMEWORK_SEARCH_PATHS = (
					"$(SDKROOT)/Developer/Library/Frameworks",
					"$(inherited)",
				);
				INFOPLIST_FILE = "SwiftForm ExampleTests/Info.plist";
				LD_RUNPATH_SEARCH_PATHS = "$(inherited) @executable_path/Frameworks @loader_path/Frameworks";
				PRODUCT_NAME = "$(TARGET_NAME)";
				TEST_HOST = "$(BUILT_PRODUCTS_DIR)/SwiftForm Example.app/SwiftForm Example";
			};
			name = Release;
		};
/* End XCBuildConfiguration section */

/* Begin XCConfigurationList section */
		37DE34D91A54BCD600DE9813 /* Build configuration list for PBXProject "SwiftForm Example" */ = {
			isa = XCConfigurationList;
			buildConfigurations = (
				37DE34FB1A54BCD600DE9813 /* Debug */,
				37DE34FC1A54BCD600DE9813 /* Release */,
			);
			defaultConfigurationIsVisible = 0;
			defaultConfigurationName = Release;
		};
		37DE34FD1A54BCD600DE9813 /* Build configuration list for PBXNativeTarget "SwiftForm Example" */ = {
			isa = XCConfigurationList;
			buildConfigurations = (
				37DE34FE1A54BCD600DE9813 /* Debug */,
				37DE34FF1A54BCD600DE9813 /* Release */,
			);
			defaultConfigurationIsVisible = 0;
		};
		37DE35001A54BCD600DE9813 /* Build configuration list for PBXNativeTarget "SwiftForm ExampleTests" */ = {
			isa = XCConfigurationList;
			buildConfigurations = (
				37DE35011A54BCD600DE9813 /* Debug */,
				37DE35021A54BCD600DE9813 /* Release */,
			);
			defaultConfigurationIsVisible = 0;
		};
/* End XCConfigurationList section */
	};
	rootObject = 37DE34D61A54BCD600DE9813 /* Project object */;
}
